lockfileVersion: '9.0'

settings:
  autoInstallPeers: true
  excludeLinksFromLockfile: false

importers:

  .:
    devDependencies:
      zod:
        specifier: ^3.25.63
        version: 3.25.63
      zod-validation-error:
        specifier: ^3.5.0
        version: 3.5.0(zod@3.25.63)

packages:

  zod-validation-error@3.5.0:
    resolution: {integrity: sha512-IWK6O51sRkq0YsnYD2oLDuK2BNsIjYUlR0+1YSd4JyBzm6/892IWroUnLc7oW4FU+b0f6948BHi6H8MDcqpOGw==}
    engines: {node: '>=18.0.0'}
    peerDependencies:
      zod: ^3.25.0

  zod@3.25.63:
    resolution: {integrity: sha512-3ttCkqhtpncYXfP0f6dsyabbYV/nEUW+Xlu89jiXbTBifUfjaSqXOG6JnQPLtqt87n7KAmnMqcjay6c0Wq0Vbw==}

snapshots:

  zod-validation-error@3.5.0(zod@3.25.63):
    dependencies:
      zod: 3.25.63

  zod@3.25.63: {}
